# JanusLock — ESPHome external component (Olimex ESP32-PoE2 by the door).
# WiFi phase; add the `ethernet:` block for PoE later.
substitutions:
  name: januslock

esphome:
  name: ${name}

esp32:
  board: esp32-poe
  framework:
    type: esp-idf

logger:
api:
ota:
  - platform: esphome

wifi:
  ssid: !secret wifi_ssid
  password: !secret wifi_password

external_components:
  - source:
      type: local
      path: components
    components: [janus_lock]

esp32_ble_tracker:

ble_client:
  - mac_address: !secret lock_mac
    id: janus_ble

janus_lock:
  id: janus_hub
  ble_client_id: janus_ble
  master_token: !secret janus_master_token
  update_interval: 12h   # periodic status wake; battery-friendly (connect-on-demand otherwise)
  battery_level:
    name: "Slot batterij"
  calibrated:
    name: "Gekalibreerd"

lock:
  - platform: janus_lock
    janus_lock_id: janus_hub
    name: "Kantoor slot"

switch:
  - platform: janus_lock
    janus_lock_id: janus_hub
    setting: passage
    name: "Deurkruk-modus"
  - platform: janus_lock
    janus_lock_id: janus_hub
    setting: auto_lock
    name: "Auto-lock"
  - platform: janus_lock
    janus_lock_id: janus_hub
    setting: lock_sound
    name: "Slotgeluid"
  - platform: janus_lock
    janus_lock_id: janus_hub
    setting: break_in_alarm
    name: "Inbraakalarm"
  - platform: janus_lock
    janus_lock_id: janus_hub
    setting: button_enabled
    name: "Knop-vergrendeling"
  - platform: janus_lock
    janus_lock_id: janus_hub
    setting: unlatch
    name: "Unlatch"
